
Microsoft Visual Studio Solution File, Format Version 12.00
# Visual Studio Version 17
VisualStudioVersion = 17.13.35919.96 d17.13
MinimumVisualStudioVersion = 10.0.40219.1
Project("{FAE04EC0-301F-11D3-BF4B-00C04F79EFBC}") = "Json-Demo", "Json-Demo\Json-Demo.csproj", "{9929F102-11AC-44F7-BC86-D4E696302E8B}"
EndProject
Global
	GlobalSection(SolutionConfigurationPlatforms) = preSolution
		Debug|Any CPU = Debug|Any CPU
		Release|Any CPU = Release|Any CPU
	EndGlobalSection
	GlobalSection(ProjectConfigurationPlatforms) = postSolution
		{9929F102-11AC-44F7-BC86-D4E696302E8B}.Debug|Any CPU.ActiveCfg = Debug|Any CPU
		{9929F102-11AC-44F7-BC86-D4E696302E8B}.Debug|Any CPU.Build.0 = Debug|Any CPU
		{9929F102-11AC-44F7-BC86-D4E696302E8B}.Release|Any CPU.ActiveCfg = Release|Any CPU
		{9929F102-11AC-44F7-BC86-D4E696302E8B}.Release|Any CPU.Build.0 = Release|Any CPU
	EndGlobalSection
	GlobalSection(SolutionProperties) = preSolution
		HideSolutionNode = FALSE
	EndGlobalSection
	GlobalSection(ExtensibilityGlobals) = postSolution
		SolutionGuid = {C9D9BAC8-38B8-4050-86B9-CCF9B86A24F4}
	EndGlobalSection
EndGlobal
